
Microsoft Visual Studio Solution File, Format Version 12.00
# Visual Studio Version 16
VisualStudioVersion = 16.0.30621.155
MinimumVisualStudioVersion = 10.0.40219.1
Project("{9A19103F-16F7-4668-BE54-9A1E7A4F7556}") = "GateHouseMonitor", "GateHouseMonitor\GateHouseMonitor.csproj", "{083EBFE2-CAB1-4FD3-98CB-7CCB1800BF85}"
EndProject
Project("{9A19103F-16F7-4668-BE54-9A1E7A4F7556}") = "GateHouseLambda", "GateHouseLambda\GateHouseLambda.csproj", "{899F0AE1-49CB-4AD2-9C27-7F68E0C965A1}"
EndProject
Global
	GlobalSection(SolutionConfigurationPlatforms) = preSolution
		Debug|Any CPU = Debug|Any CPU
		Release|Any CPU = Release|Any CPU
	EndGlobalSection
	GlobalSection(ProjectConfigurationPlatforms) = postSolution
		{083EBFE2-CAB1-4FD3-98CB-7CCB1800BF85}.Debug|Any CPU.ActiveCfg = Debug|Any CPU
		{083EBFE2-CAB1-4FD3-98CB-7CCB1800BF85}.Debug|Any CPU.Build.0 = Debug|Any CPU
		{083EBFE2-CAB1-4FD3-98CB-7CCB1800BF85}.Release|Any CPU.ActiveCfg = Release|Any CPU
		{083EBFE2-CAB1-4FD3-98CB-7CCB1800BF85}.Release|Any CPU.Build.0 = Release|Any CPU
		{899F0AE1-49CB-4AD2-9C27-7F68E0C965A1}.Debug|Any CPU.ActiveCfg = Debug|Any CPU
		{899F0AE1-49CB-4AD2-9C27-7F68E0C965A1}.Debug|Any CPU.Build.0 = Debug|Any CPU
		{899F0AE1-49CB-4AD2-9C27-7F68E0C965A1}.Release|Any CPU.ActiveCfg = Release|Any CPU
		{899F0AE1-49CB-4AD2-9C27-7F68E0C965A1}.Release|Any CPU.Build.0 = Release|Any CPU
	EndGlobalSection
	GlobalSection(SolutionProperties) = preSolution
		HideSolutionNode = FALSE
	EndGlobalSection
	GlobalSection(ExtensibilityGlobals) = postSolution
		SolutionGuid = {E2AAEC26-BCD3-40ED-B354-485CDD8CB4F8}
	EndGlobalSection
EndGlobal
